// !$*UTF8*$!
{
	archiveVersion = 1;
	classes = {
	};
	objectVersion = 46;
	objects = {

/* Begin PBXBuildFile section */
		AE09B06C1AE27B29000B29D5 /* AppDelegate.swift in Sources */ = {isa = PBXBuildFile; fileRef = AE09B06B1AE27B29000B29D5 /* AppDelegate.swift */; };
		AE09B06F1AE27B29000B29D5 /* CoreData.xcdatamodeld in Sources */ = {isa = PBXBuildFile; fileRef = AE09B06D1AE27B29000B29D5 /* CoreData.xcdatamodeld */; };
		AE09B0711AE27B29000B29D5 /* ViewController.swift in Sources */ = {isa = PBXBuildFile; fileRef = AE09B0701AE27B29000B29D5 /* ViewController.swift */; };
		AE09B0741AE27B29000B29D5 /* Main.storyboard in Resources */ = {isa = PBXBuildFile; fileRef = AE09B0721AE27B29000B29D5 /* Main.storyboard */; };
		AE09B0761AE27B29000B29D5 /* Images.xcassets in Resources */ = {isa = PBXBuildFile; fileRef = AE09B0751AE27B29000B29D5 /* Images.xcassets */; };
		AE09B0791AE27B29000B29D5 /* LaunchScreen.xib in Resources */ = {isa = PBXBuildFile; fileRef = AE09B0771AE27B29000B29D5 /* LaunchScreen.xib */; };
		AE09B0851AE27B29000B29D5 /* CoreDataTests.swift in Sources */ = {isa = PBXBuildFile; fileRef = AE09B0841AE27B29000B29D5 /* CoreDataTests.swift */; };
		AE09B08F1AE27CD7000B29D5 /* vcMain.swift in Sources */ = {isa = PBXBuildFile; fileRef = AE09B08E1AE27CD7000B29D5 /* vcMain.swift */; };
/* End PBXBuildFile section */

/* Begin PBXContainerItemProxy section */
		AE09B07F1AE27B29000B29D5 /* PBXContainerItemProxy */ = {
			isa = PBXContainerItemProxy;
			containerPortal = AE09B05E1AE27B29000B29D5 /* Project object */;
			proxyType = 1;
			remoteGlobalIDString = AE09B0651AE27B29000B29D5;
			remoteInfo = CoreData;
		};
/* End PBXContainerItemProxy section */

/* Begin PBXFileReference section */
		AE09B0661AE27B29000B29D5 /* CoreData.app */ = {isa = PBXFileReference; explicitFileType = wrapper.application; includeInIndex = 0; path = CoreData.app; sourceTree = BUILT_PRODUCTS_DIR; };
		AE09B06A1AE27B29000B29D5 /* Info.plist */ = {isa = PBXFileReference; lastKnownFileType = text.plist.xml; path = Info.plist; sourceTree = "<group>"; };
		AE09B06B1AE27B29000B29D5 /* AppDelegate.swift */ = {isa = PBXFileReference; lastKnownFileType = sourcecode.swift; path = AppDelegate.swift; sourceTree = "<group>"; };
		AE09B06E1AE27B29000B29D5 /* CoreData.xcdatamodel */ = {isa = PBXFileReference; lastKnownFileType = wrapper.xcdatamodel; path = CoreData.xcdatamodel; sourceTree = "<group>"; };
		AE09B0701AE27B29000B29D5 /* ViewController.swift */ = {isa = PBXFileReference; lastKnownFileType = sourcecode.swift; path = ViewController.swift; sourceTree = "<group>"; };
		AE09B0731AE27B29000B29D5 /* Base */ = {isa = PBXFileReference; lastKnownFileType = file.storyboard; name = Base; path = Base.lproj/Main.storyboard; sourceTree = "<group>"; };
		AE09B0751AE27B29000B29D5 /* Images.xcassets */ = {isa = PBXFileReference; lastKnownFileType = folder.assetcatalog; path = Images.xcassets; sourceTree = "<group>"; };
		AE09B0781AE27B29000B29D5 /* Base */ = {isa = PBXFileReference; lastKnownFileType = file.xib; name = Base; path = Base.lproj/LaunchScreen.xib; sourceTree = "<group>"; };
		AE09B07E1AE27B29000B29D5 /* CoreDataTests.xctest */ = {isa = PBXFileReference; explicitFileType = wrapper.cfbundle; includeInIndex = 0; path = CoreDataTests.xctest; sourceTree = BUILT_PRODUCTS_DIR; };
		AE09B0831AE27B29000B29D5 /* Info.plist */ = {isa = PBXFileReference; lastKnownFileType = text.plist.xml; path = Info.plist; sourceTree = "<group>"; };
		AE09B0841AE27B29000B29D5 /* CoreDataTests.swift */ = {isa = PBXFileReference; lastKnownFileType = sourcecode.swift; path = CoreDataTests.swift; sourceTree = "<group>"; };
		AE09B08E1AE27CD7000B29D5 /* vcMain.swift */ = {isa = PBXFileReference; fileEncoding = 4; lastKnownFileType = sourcecode.swift; name = vcMain.swift; path = ../vcMain.swift; sourceTree = "<group>"; };
/* End PBXFileReference section */

/* Begin PBXFrameworksBuildPhase section */
		AE09B0631AE27B29000B29D5 /* Frameworks */ = {
			isa = PBXFrameworksBuildPhase;
			buildActionMask = 2147483647;
			files = (
			);
			runOnlyForDeploymentPostprocessing = 0;
		};
		AE09B07B1AE27B29000B29D5 /* Frameworks */ = {
			isa = PBXFrameworksBuildPhase;
			buildActionMask = 2147483647;
			files = (
			);
			runOnlyForDeploymentPostprocessing = 0;
		};
/* End PBXFrameworksBuildPhase section */

/* Begin PBXGroup section */
		AE09B05D1AE27B29000B29D5 = {
			isa = PBXGroup;
			children = (
				AE09B0681AE27B29000B29D5 /* CoreData */,
				AE09B0811AE27B29000B29D5 /* CoreDataTests */,
				AE09B0671AE27B29000B29D5 /* Products */,
			);
			sourceTree = "<group>";
		};
		AE09B0671AE27B29000B29D5 /* Products */ = {
			isa = PBXGroup;
			children = (
				AE09B0661AE27B29000B29D5 /* CoreData.app */,
				AE09B07E1AE27B29000B29D5 /* CoreDataTests.xctest */,
			);
			name = Products;
			sourceTree = "<group>";
		};
		AE09B0681AE27B29000B29D5 /* CoreData */ = {
			isa = PBXGroup;
			children = (
				AE09B08E1AE27CD7000B29D5 /* vcMain.swift */,
				AE09B06B1AE27B29000B29D5 /* AppDelegate.swift */,
				AE09B0701AE27B29000B29D5 /* ViewController.swift */,
				AE09B0721AE27B29000B29D5 /* Main.storyboard */,
				AE09B0751AE27B29000B29D5 /* Images.xcassets */,
				AE09B0771AE27B29000B29D5 /* LaunchScreen.xib */,
				AE09B06D1AE27B29000B29D5 /* CoreData.xcdatamodeld */,
				AE09B0691AE27B29000B29D5 /* Supporting Files */,
			);
			path = CoreData;
			sourceTree = "<group>";
		};
		AE09B0691AE27B29000B29D5 /* Supporting Files */ = {
			isa = PBXGroup;
			children = (
				AE09B06A1AE27B29000B29D5 /* Info.plist */,
			);
			name = "Supporting Files";
			sourceTree = "<group>";
		};
		AE09B0811AE27B29000B29D5 /* CoreDataTests */ = {
			isa = PBXGroup;
			children = (
				AE09B0841AE27B29000B29D5 /* CoreDataTests.swift */,
				AE09B0821AE27B29000B29D5 /* Supporting Files */,
			);
			path = CoreDataTests;
			sourceTree = "<group>";
		};
		AE09B0821AE27B29000B29D5 /* Supporting Files */ = {
			isa = PBXGroup;
			children = (
				AE09B0831AE27B29000B29D5 /* Info.plist */,
			);
			name = "Supporting Files";
			sourceTree = "<group>";
		};
/* End PBXGroup section */

/* Begin PBXNativeTarget section */
		AE09B0651AE27B29000B29D5 /* CoreData */ = {
			isa = PBXNativeTarget;
			buildConfigurationList = AE09B0881AE27B29000B29D5 /* Build configuration list for PBXNativeTarget "CoreData" */;
			buildPhases = (
				AE09B0621AE27B29000B29D5 /* Sources */,
				AE09B0631AE27B29000B29D5 /* Frameworks */,
				AE09B0641AE27B29000B29D5 /* Resources */,
			);
			buildRules = (
			);
			dependencies = (
			);
			name = CoreData;
			productName = CoreData;
			productReference = AE09B0661AE27B29000B29D5 /* CoreData.app */;
			productType = "com.apple.product-type.application";
		};
		AE09B07D1AE27B29000B29D5 /* CoreDataTests */ = {
			isa = PBXNativeTarget;
			buildConfigurationList = AE09B08B1AE27B29000B29D5 /* Build configuration list for PBXNativeTarget "CoreDataTests" */;
			buildPhases = (
				AE09B07A1AE27B29000B29D5 /* Sources */,
				AE09B07B1AE27B29000B29D5 /* Frameworks */,
				AE09B07C1AE27B29000B29D5 /* Resources */,
			);
			buildRules = (
			);
			dependencies = (
				AE09B0801AE27B29000B29D5 /* PBXTargetDependency */,
			);
			name = CoreDataTests;
			productName = CoreDataTests;
			productReference = AE09B07E1AE27B29000B29D5 /* CoreDataTests.xctest */;
			productType = "com.apple.product-type.bundle.unit-test";
		};
/* End PBXNativeTarget section */

/* Begin PBXProject section */
		AE09B05E1AE27B29000B29D5 /* Project object */ = {
			isa = PBXProject;
			attributes = {
				LastUpgradeCheck = 0630;
				ORGANIZATIONNAME = "Online Solutions";
				TargetAttributes = {
					AE09B0651AE27B29000B29D5 = {
						CreatedOnToolsVersion = 6.3;
					};
					AE09B07D1AE27B29000B29D5 = {
						CreatedOnToolsVersion = 6.3;
						TestTargetID = AE09B0651AE27B29000B29D5;
					};
				};
			};
			buildConfigurationList = AE09B0611AE27B29000B29D5 /* Build configuration list for PBXProject "CoreData" */;
			compatibilityVersion = "Xcode 3.2";
			developmentRegion = English;
			hasScannedForEncodings = 0;
			knownRegions = (
				en,
				Base,
			);
			mainGroup = AE09B05D1AE27B29000B29D5;
			productRefGroup = AE09B0671AE27B29000B29D5 /* Products */;
			projectDirPath = "";
			projectRoot = "";
			targets = (
				AE09B0651AE27B29000B29D5 /* CoreData */,
				AE09B07D1AE27B29000B29D5 /* CoreDataTests */,
			);
		};
/* End PBXProject section */

/* Begin PBXResourcesBuildPhase section */
		AE09B0641AE27B29000B29D5 /* Resources */ = {
			isa = PBXResourcesBuildPhase;
			buildActionMask = 2147483647;
			files = (
				AE09B0741AE27B29000B29D5 /* Main.storyboard in Resources */,
				AE09B0791AE27B29000B29D5 /* LaunchScreen.xib in Resources */,
				AE09B0761AE27B29000B29D5 /* Images.xcassets in Resources */,
			);
			runOnlyForDeploymentPostprocessing = 0;
		};
		AE09B07C1AE27B29000B29D5 /* Resources */ = {
			isa = PBXResourcesBuildPhase;
			buildActionMask = 2147483647;
			files = (
			);
			runOnlyForDeploymentPostprocessing = 0;
		};
/* End PBXResourcesBuildPhase section */

/* Begin PBXSourcesBuildPhase section */
		AE09B0621AE27B29000B29D5 /* Sources */ = {
			isa = PBXSourcesBuildPhase;
			buildActionMask = 2147483647;
			files = (
				AE09B0711AE27B29000B29D5 /* ViewController.swift in Sources */,
				AE09B08F1AE27CD7000B29D5 /* vcMain.swift in Sources */,
				AE09B06F1AE27B29000B29D5 /* CoreData.xcdatamodeld in Sources */,
				AE09B06C1AE27B29000B29D5 /* AppDelegate.swift in Sources */,
			);
			runOnlyForDeploymentPostprocessing = 0;
		};
		AE09B07A1AE27B29000B29D5 /* Sources */ = {
			isa = PBXSourcesBuildPhase;
			buildActionMask = 2147483647;
			files = (
				AE09B0851AE27B29000B29D5 /* CoreDataTests.swift in Sources */,
			);
			runOnlyForDeploymentPostprocessing = 0;
		};
/* End PBXSourcesBuildPhase section */

/* Begin PBXTargetDependency section */
		AE09B0801AE27B29000B29D5 /* PBXTargetDependency */ = {
			isa = PBXTargetDependency;
			target = AE09B0651AE27B29000B29D5 /* CoreData */;
			targetProxy = AE09B07F1AE27B29000B29D5 /* PBXContainerItemProxy */;
		};
/* End PBXTargetDependency section */

/* Begin PBXVariantGroup section */
		AE09B0721AE27B29000B29D5 /* Main.storyboard */ = {
			isa = PBXVariantGroup;
			children = (
				AE09B0731AE27B29000B29D5 /* Base */,
			);
			name = Main.storyboard;
			sourceTree = "<group>";
		};
		AE09B0771AE27B29000B29D5 /* LaunchScreen.xib */ = {
			isa = PBXVariantGroup;
			children = (
				AE09B0781AE27B29000B29D5 /* Base */,
			);
			name = LaunchScreen.xib;
			sourceTree = "<group>";
		};
/* End PBXVariantGroup section */

/* Begin XCBuildConfiguration section */
		AE09B0861AE27B29000B29D5 /* Debug */ = {
			isa = XCBuildConfiguration;
			buildSettings = {
				ALWAYS_SEARCH_USER_PATHS = NO;
				CLANG_CXX_LANGUAGE_STANDARD = "gnu++0x";
				CLANG_CXX_LIBRARY = "libc++";
				CLANG_ENABLE_MODULES = YES;
				CLANG_ENABLE_OBJC_ARC = YES;
				CLANG_WARN_BOOL_CONVERSION = YES;
				CLANG_WARN_CONSTANT_CONVERSION = YES;
				CLANG_WARN_DIRECT_OBJC_ISA_USAGE = YES_ERROR;
				CLANG_WARN_EMPTY_BODY = YES;
				CLANG_WARN_ENUM_CONVERSION = YES;
				CLANG_WARN_INT_CONVERSION = YES;
				CLANG_WARN_OBJC_ROOT_CLASS = YES_ERROR;
				CLANG_WARN_UNREACHABLE_CODE = YES;
				CLANG_WARN__DUPLICATE_METHOD_MATCH = YES;
				"CODE_SIGN_IDENTITY[sdk=iphoneos*]" = "iPhone Developer";
				COPY_PHASE_STRIP = NO;
				DEBUG_INFORMATION_FORMAT = "dwarf-with-dsym";
				ENABLE_STRICT_OBJC_MSGSEND = YES;
				GCC_C_LANGUAGE_STANDARD = gnu99;
				GCC_DYNAMIC_NO_PIC = NO;
				GCC_NO_COMMON_BLOCKS = YES;
				GCC_OPTIMIZATION_LEVEL = 0;
				GCC_PREPROCESSOR_DEFINITIONS = (
					"DEBUG=1",
					"$(inherited)",
				);
				GCC_SYMBOLS_PRIVATE_EXTERN = NO;
				GCC_WARN_64_TO_32_BIT_CONVERSION = YES;
				GCC_WARN_ABOUT_RETURN_TYPE = YES_ERROR;
				GCC_WARN_UNDECLARED_SELECTOR = YES;
				GCC_WARN_UNINITIALIZED_AUTOS = YES_AGGRESSIVE;
				GCC_WARN_UNUSED_FUNCTION = YES;
				GCC_WARN_UNUSED_VARIABLE = YES;
				IPHONEOS_DEPLOYMENT_TARGET = 8.3;
				MTL_ENABLE_DEBUG_INFO = YES;
				ONLY_ACTIVE_ARCH = YES;
				SDKROOT = iphoneos;
				SWIFT_OPTIMIZATION_LEVEL = "-Onone";
			};
			name = Debug;
		};
		AE09B0871AE27B29000B29D5 /* Release */ = {
			isa = XCBuildConfiguration;
			buildSettings = {
				ALWAYS_SEARCH_USER_PATHS = NO;
				CLANG_CXX_LANGUAGE_STANDARD = "gnu++0x";
				CLANG_CXX_LIBRARY = "libc++";
				CLANG_ENABLE_MODULES = YES;
				CLANG_ENABLE_OBJC_ARC = YES;
				CLANG_WARN_BOOL_CONVERSION = YES;
				CLANG_WARN_CONSTANT_CONVERSION = YES;
				CLANG_WARN_DIRECT_OBJC_ISA_USAGE = YES_ERROR;
				CLANG_WARN_EMPTY_BODY = YES;
				CLANG_WARN_ENUM_CONVERSION = YES;
				CLANG_WARN_INT_CONVERSION = YES;
				CLANG_WARN_OBJC_ROOT_CLASS = YES_ERROR;
				CLANG_WARN_UNREACHABLE_CODE = YES;
				CLANG_WARN__DUPLICATE_METHOD_MATCH = YES;
				"CODE_SIGN_IDENTITY[sdk=iphoneos*]" = "iPhone Developer";
				COPY_PHASE_STRIP = NO;
				DEBUG_INFORMATION_FORMAT = "dwarf-with-dsym";
				ENABLE_NS_ASSERTIONS = NO;
				ENABLE_STRICT_OBJC_MSGSEND = YES;
				GCC_C_LANGUAGE_STANDARD = gnu99;
				GCC_NO_COMMON_BLOCKS = YES;
				GCC_WARN_64_TO_32_BIT_CONVERSION = YES;
				GCC_WARN_ABOUT_RETURN_TYPE = YES_ERROR;
				GCC_WARN_UNDECLARED_SELECTOR = YES;
				GCC_WARN_UNINITIALIZED_AUTOS = YES_AGGRESSIVE;
				GCC_WARN_UNUSED_FUNCTION = YES;
				GCC_WARN_UNUSED_VARIABLE = YES;
				IPHONEOS_DEPLOYMENT_TARGET = 8.3;
				MTL_ENABLE_DEBUG_INFO = NO;
				SDKROOT = iphoneos;
				VALIDATE_PRODUCT = YES;
			};
			name = Release;
		};
		AE09B0891AE27B29000B29D5 /* Debug */ = {
			isa = XCBuildConfiguration;
			buildSettings = {
				ASSETCATALOG_COMPILER_APPICON_NAME = AppIcon;
				INFOPLIST_FILE = CoreData/Info.plist;
				LD_RUNPATH_SEARCH_PATHS = "$(inherited) @executable_path/Frameworks";
				PRODUCT_NAME = "$(TARGET_NAME)";
			};
			name = Debug;
		};
		AE09B08A1AE27B29000B29D5 /* Release */ = {
			isa = XCBuildConfiguration;
			buildSettings = {
				ASSETCATALOG_COMPILER_APPICON_NAME = AppIcon;
				INFOPLIST_FILE = CoreData/Info.plist;
				LD_RUNPATH_SEARCH_PATHS = "$(inherited) @executable_path/Frameworks";
				PRODUCT_NAME = "$(TARGET_NAME)";
			};
			name = Release;
		};
		AE09B08C1AE27B29000B29D5 /* Debug */ = {
			isa = XCBuildConfiguration;
			buildSettings = {
				BUNDLE_LOADER = "$(TEST_HOST)";
				FRAMEWORK_SEARCH_PATHS = (
					"$(SDKROOT)/Developer/Library/Frameworks",
					"$(inherited)",
				);
				GCC_PREPROCESSOR_DEFINITIONS = (
					"DEBUG=1",
					"$(inherited)",
				);
				INFOPLIST_FILE = CoreDataTests/Info.plist;
				LD_RUNPATH_SEARCH_PATHS = "$(inherited) @executable_path/Frameworks @loader_path/Frameworks";
				PRODUCT_NAME = "$(TARGET_NAME)";
				TEST_HOST = "$(BUILT_PRODUCTS_DIR)/CoreData.app/CoreData";
			};
			name = Debug;
		};
		AE09B08D1AE27B29000B29D5 /* Release */ = {
			isa = XCBuildConfiguration;
			buildSettings = {
				BUNDLE_LOADER = "$(TEST_HOST)";
				FRAMEWORK_SEARCH_PATHS = (
					"$(SDKROOT)/Developer/Library/Frameworks",
					"$(inherited)",
				);
				INFOPLIST_FILE = CoreDataTests/Info.plist;
				LD_RUNPATH_SEARCH_PATHS = "$(inherited) @executable_path/Frameworks @loader_path/Frameworks";
				PRODUCT_NAME = "$(TARGET_NAME)";
				TEST_HOST = "$(BUILT_PRODUCTS_DIR)/CoreData.app/CoreData";
			};
			name = Release;
		};
/* End XCBuildConfiguration section */

/* Begin XCConfigurationList section */
		AE09B0611AE27B29000B29D5 /* Build configuration list for PBXProject "CoreData" */ = {
			isa = XCConfigurationList;
			buildConfigurations = (
				AE09B0861AE27B29000B29D5 /* Debug */,
				AE09B0871AE27B29000B29D5 /* Release */,
			);
			defaultConfigurationIsVisible = 0;
			defaultConfigurationName = Release;
		};
		AE09B0881AE27B29000B29D5 /* Build configuration list for PBXNativeTarget "CoreData" */ = {
			isa = XCConfigurationList;
			buildConfigurations = (
				AE09B0891AE27B29000B29D5 /* Debug */,
				AE09B08A1AE27B29000B29D5 /* Release */,
			);
			defaultConfigurationIsVisible = 0;
		};
		AE09B08B1AE27B29000B29D5 /* Build configuration list for PBXNativeTarget "CoreDataTests" */ = {
			isa = XCConfigurationList;
			buildConfigurations = (
				AE09B08C1AE27B29000B29D5 /* Debug */,
				AE09B08D1AE27B29000B29D5 /* Release */,
			);
			defaultConfigurationIsVisible = 0;
		};
/* End XCConfigurationList section */

/* Begin XCVersionGroup section */
		AE09B06D1AE27B29000B29D5 /* CoreData.xcdatamodeld */ = {
			isa = XCVersionGroup;
			children = (
				AE09B06E1AE27B29000B29D5 /* CoreData.xcdatamodel */,
			);
			currentVersion = AE09B06E1AE27B29000B29D5 /* CoreData.xcdatamodel */;
			path = CoreData.xcdatamodeld;
			sourceTree = "<group>";
			versionGroupType = wrapper.xcdatamodel;
		};
/* End XCVersionGroup section */
	};
	rootObject = AE09B05E1AE27B29000B29D5 /* Project object */;
}
